
Microsoft Visual Studio Solution File, Format Version 12.00
# Visual Studio Version 17
VisualStudioVersion = 17.3.32901.215
MinimumVisualStudioVersion = 10.0.40219.1
Project("{9A19103F-16F7-4668-BE54-9A1E7A4F7556}") = "FoodServiceOrderingApp", "FoodServiceOrderingApp\FoodServiceOrderingApp.csproj", "{DFBC78FE-7F1B-406E-A652-A1114B736D3E}"
EndProject
Project("{FAE04EC0-301F-11D3-BF4B-00C04F79EFBC}") = "FoodServiceOrderingAppTests", "FoodServiceOrderingAppTests\FoodServiceOrderingAppTests.csproj", "{2524CEB0-306C-4EF9-B0E7-56DA3D24F9C4}"
EndProject
Global
	GlobalSection(SolutionConfigurationPlatforms) = preSolution
		Debug|Any CPU = Debug|Any CPU
		Release|Any CPU = Release|Any CPU
	EndGlobalSection
	GlobalSection(ProjectConfigurationPlatforms) = postSolution
		{DFBC78FE-7F1B-406E-A652-A1114B736D3E}.Debug|Any CPU.ActiveCfg = Debug|Any CPU
		{DFBC78FE-7F1B-406E-A652-A1114B736D3E}.Debug|Any CPU.Build.0 = Debug|Any CPU
		{DFBC78FE-7F1B-406E-A652-A1114B736D3E}.Release|Any CPU.ActiveCfg = Debug|Any CPU
		{DFBC78FE-7F1B-406E-A652-A1114B736D3E}.Release|Any CPU.Build.0 = Debug|Any CPU
		{2524CEB0-306C-4EF9-B0E7-56DA3D24F9C4}.Debug|Any CPU.ActiveCfg = Debug|Any CPU
		{2524CEB0-306C-4EF9-B0E7-56DA3D24F9C4}.Debug|Any CPU.Build.0 = Debug|Any CPU
		{2524CEB0-306C-4EF9-B0E7-56DA3D24F9C4}.Release|Any CPU.ActiveCfg = Release|Any CPU
		{2524CEB0-306C-4EF9-B0E7-56DA3D24F9C4}.Release|Any CPU.Build.0 = Release|Any CPU
	EndGlobalSection
	GlobalSection(SolutionProperties) = preSolution
		HideSolutionNode = FALSE
	EndGlobalSection
	GlobalSection(ExtensibilityGlobals) = postSolution
		SolutionGuid = {5BBDC132-2725-4F1B-9793-723FE1D2DF03}
	EndGlobalSection
EndGlobal
